
Microsoft Visual Studio Solution File, Format Version 12.00
# Visual Studio Version 17
VisualStudioVersion = 17.5.33627.172
MinimumVisualStudioVersion = 10.0.40219.1
Project("{8BC9CEB8-8B4A-11D0-8D11-00A0C91BC942}") = "Chapter07_09", "TBC_Review_2\TBC_Review_2.vcxproj", "{92B80C7F-4DFC-4ABE-9237-21AFE589FA4E}"
EndProject
Project("{8BC9CEB8-8B4A-11D0-8D11-00A0C91BC942}") = "Chapter07_10", "Chater07_10\Chater07_10.vcxproj", "{F8280197-6547-4198-ABED-7E8E198C3727}"
EndProject
Project("{8BC9CEB8-8B4A-11D0-8D11-00A0C91BC942}") = "Chapter07_11", "Chater07_11\Chater07_11.vcxproj", "{6B3D6710-133C-4A88-8387-813A606399C2}"
EndProject
Project("{8BC9CEB8-8B4A-11D0-8D11-00A0C91BC942}") = "Chapter07_12", "Chapter07_12\Chapter07_12.vcxproj", "{B80FE332-6B7B-4793-B1E9-0EE749CD67A8}"
EndProject
Project("{8BC9CEB8-8B4A-11D0-8D11-00A0C91BC942}") = "Chapter07_13", "Chapter07_13\Chapter07_13.vcxproj", "{8FF54B2D-318F-467C-81DE-8F5F122E5C68}"
EndProject
Project("{8BC9CEB8-8B4A-11D0-8D11-00A0C91BC942}") = "Chapter07_14", "Chapter07_14\Chapter07_14.vcxproj", "{309C6D5C-51AD-4665-9960-77AB06CF2CD3}"
EndProject
Global
	GlobalSection(SolutionConfigurationPlatforms) = preSolution
		Debug|x64 = Debug|x64
		Debug|x86 = Debug|x86
		Release|x64 = Release|x64
		Release|x86 = Release|x86
	EndGlobalSection
	GlobalSection(ProjectConfigurationPlatforms) = postSolution
		{92B80C7F-4DFC-4ABE-9237-21AFE589FA4E}.Debug|x64.ActiveCfg = Debug|x64
		{92B80C7F-4DFC-4ABE-9237-21AFE589FA4E}.Debug|x64.Build.0 = Debug|x64
		{92B80C7F-4DFC-4ABE-9237-21AFE589FA4E}.Debug|x86.ActiveCfg = Debug|Win32
		{92B80C7F-4DFC-4ABE-9237-21AFE589FA4E}.Debug|x86.Build.0 = Debug|Win32
		{92B80C7F-4DFC-4ABE-9237-21AFE589FA4E}.Release|x64.ActiveCfg = Release|x64
		{92B80C7F-4DFC-4ABE-9237-21AFE589FA4E}.Release|x64.Build.0 = Release|x64
		{92B80C7F-4DFC-4ABE-9237-21AFE589FA4E}.Release|x86.ActiveCfg = Release|Win32
		{92B80C7F-4DFC-4ABE-9237-21AFE589FA4E}.Release|x86.Build.0 = Release|Win32
		{F8280197-6547-4198-ABED-7E8E198C3727}.Debug|x64.ActiveCfg = Debug|x64
		{F8280197-6547-4198-ABED-7E8E198C3727}.Debug|x64.Build.0 = Debug|x64
		{F8280197-6547-4198-ABED-7E8E198C3727}.Debug|x86.ActiveCfg = Debug|Win32
		{F8280197-6547-4198-ABED-7E8E198C3727}.Debug|x86.Build.0 = Debug|Win32
		{F8280197-6547-4198-ABED-7E8E198C3727}.Release|x64.ActiveCfg = Release|x64
		{F8280197-6547-4198-ABED-7E8E198C3727}.Release|x64.Build.0 = Release|x64
		{F8280197-6547-4198-ABED-7E8E198C3727}.Release|x86.ActiveCfg = Release|Win32
		{F8280197-6547-4198-ABED-7E8E198C3727}.Release|x86.Build.0 = Release|Win32
		{6B3D6710-133C-4A88-8387-813A606399C2}.Debug|x64.ActiveCfg = Debug|x64
		{6B3D6710-133C-4A88-8387-813A606399C2}.Debug|x64.Build.0 = Debug|x64
		{6B3D6710-133C-4A88-8387-813A606399C2}.Debug|x86.ActiveCfg = Debug|Win32
		{6B3D6710-133C-4A88-8387-813A606399C2}.Debug|x86.Build.0 = Debug|Win32
		{6B3D6710-133C-4A88-8387-813A606399C2}.Release|x64.ActiveCfg = Release|x64
		{6B3D6710-133C-4A88-8387-813A606399C2}.Release|x64.Build.0 = Release|x64
		{6B3D6710-133C-4A88-8387-813A606399C2}.Release|x86.ActiveCfg = Release|Win32
		{6B3D6710-133C-4A88-8387-813A606399C2}.Release|x86.Build.0 = Release|Win32
		{B80FE332-6B7B-4793-B1E9-0EE749CD67A8}.Debug|x64.ActiveCfg = Debug|x64
		{B80FE332-6B7B-4793-B1E9-0EE749CD67A8}.Debug|x64.Build.0 = Debug|x64
		{B80FE332-6B7B-4793-B1E9-0EE749CD67A8}.Debug|x86.ActiveCfg = Debug|Win32
		{B80FE332-6B7B-4793-B1E9-0EE749CD67A8}.Debug|x86.Build.0 = Debug|Win32
		{B80FE332-6B7B-4793-B1E9-0EE749CD67A8}.Release|x64.ActiveCfg = Release|x64
		{B80FE332-6B7B-4793-B1E9-0EE749CD67A8}.Release|x64.Build.0 = Release|x64
		{B80FE332-6B7B-4793-B1E9-0EE749CD67A8}.Release|x86.ActiveCfg = Release|Win32
		{B80FE332-6B7B-4793-B1E9-0EE749CD67A8}.Release|x86.Build.0 = Release|Win32
		{8FF54B2D-318F-467C-81DE-8F5F122E5C68}.Debug|x64.ActiveCfg = Debug|x64
		{8FF54B2D-318F-467C-81DE-8F5F122E5C68}.Debug|x64.Build.0 = Debug|x64
		{8FF54B2D-318F-467C-81DE-8F5F122E5C68}.Debug|x86.ActiveCfg = Debug|Win32
		{8FF54B2D-318F-467C-81DE-8F5F122E5C68}.Debug|x86.Build.0 = Debug|Win32
		{8FF54B2D-318F-467C-81DE-8F5F122E5C68}.Release|x64.ActiveCfg = Release|x64
		{8FF54B2D-318F-467C-81DE-8F5F122E5C68}.Release|x64.Build.0 = Release|x64
		{8FF54B2D-318F-467C-81DE-8F5F122E5C68}.Release|x86.ActiveCfg = Release|Win32
		{8FF54B2D-318F-467C-81DE-8F5F122E5C68}.Release|x86.Build.0 = Release|Win32
		{309C6D5C-51AD-4665-9960-77AB06CF2CD3}.Debug|x64.ActiveCfg = Debug|x64
		{309C6D5C-51AD-4665-9960-77AB06CF2CD3}.Debug|x64.Build.0 = Debug|x64
		{309C6D5C-51AD-4665-9960-77AB06CF2CD3}.Debug|x86.ActiveCfg = Debug|Win32
		{309C6D5C-51AD-4665-9960-77AB06CF2CD3}.Debug|x86.Build.0 = Debug|Win32
		{309C6D5C-51AD-4665-9960-77AB06CF2CD3}.Release|x64.ActiveCfg = Release|x64
		{309C6D5C-51AD-4665-9960-77AB06CF2CD3}.Release|x64.Build.0 = Release|x64
		{309C6D5C-51AD-4665-9960-77AB06CF2CD3}.Release|x86.ActiveCfg = Release|Win32
		{309C6D5C-51AD-4665-9960-77AB06CF2CD3}.Release|x86.Build.0 = Release|Win32
	EndGlobalSection
	GlobalSection(SolutionProperties) = preSolution
		HideSolutionNode = FALSE
	EndGlobalSection
	GlobalSection(ExtensibilityGlobals) = postSolution
		SolutionGuid = {3E4547B0-2DAE-4837-8430-1CDE9C27BF03}
	EndGlobalSection
EndGlobal
