
Microsoft Visual Studio Solution File, Format Version 12.00
# Visual Studio Version 17
VisualStudioVersion = 17.6.33717.318
MinimumVisualStudioVersion = 10.0.40219.1
Project("{8BC9CEB8-8B4A-11D0-8D11-00A0C91BC942}") = "Chapter07_09", "TBC_Review_2\TBC_Review_2.vcxproj", "{92B80C7F-4DFC-4ABE-9237-21AFE589FA4E}"
EndProject
Project("{8BC9CEB8-8B4A-11D0-8D11-00A0C91BC942}") = "Chapter07_10", "Chater07_10\Chater07_10.vcxproj", "{F8280197-6547-4198-ABED-7E8E198C3727}"
EndProject
Project("{8BC9CEB8-8B4A-11D0-8D11-00A0C91BC942}") = "Chapter07_11", "Chater07_11\Chater07_11.vcxproj", "{6B3D6710-133C-4A88-8387-813A606399C2}"
EndProject
Project("{8BC9CEB8-8B4A-11D0-8D11-00A0C91BC942}") = "Chapter07_12", "Chapter07_12\Chapter07_12.vcxproj", "{B80FE332-6B7B-4793-B1E9-0EE749CD67A8}"
EndProject
Project("{8BC9CEB8-8B4A-11D0-8D11-00A0C91BC942}") = "Chapter07_13", "Chapter07_13\Chapter07_13.vcxproj", "{8FF54B2D-318F-467C-81DE-8F5F122E5C68}"
EndProject
Project("{8BC9CEB8-8B4A-11D0-8D11-00A0C91BC942}") = "Chapter07_14", "Chapter07_14\Chapter07_14.vcxproj", "{309C6D5C-51AD-4665-9960-77AB06CF2CD3}"
EndProject
Project("{8BC9CEB8-8B4A-11D0-8D11-00A0C91BC942}") = "Chapter08_01", "Chapter08_01\Chapter08_01.vcxproj", "{C319ED53-96AE-4BE2-9C12-5D52762777D2}"
EndProject
Project("{8BC9CEB8-8B4A-11D0-8D11-00A0C91BC942}") = "Chapter08_02", "Chapter08_02\Chapter08_02.vcxproj", "{55E0176D-58C8-4AEB-928D-6116A9BC5EC5}"
EndProject
Project("{8BC9CEB8-8B4A-11D0-8D11-00A0C91BC942}") = "Chapter08_03", "Chapter08_03\Chapter08_03.vcxproj", "{8806FB9A-8A67-4F14-B654-458A9EDB9254}"
EndProject
Project("{8BC9CEB8-8B4A-11D0-8D11-00A0C91BC942}") = "Chapter08_04", "Chapter08_04\Chapter08_04.vcxproj", "{F79AC03A-3A8E-4E0C-A381-8411D4AE4E05}"
EndProject
Project("{8BC9CEB8-8B4A-11D0-8D11-00A0C91BC942}") = "Chapter08_05", "Chapter08_05\Chapter08_05.vcxproj", "{36400940-859E-4399-85B2-92B581D02E94}"
EndProject
Project("{8BC9CEB8-8B4A-11D0-8D11-00A0C91BC942}") = "Chapter08_06", "Chapter08_06\Chapter08_06.vcxproj", "{33A91F16-D5BE-4B01-88C1-F5BC025CD232}"
EndProject
Project("{8BC9CEB8-8B4A-11D0-8D11-00A0C91BC942}") = "Chapter08_07", "Chapter08_07\Chapter08_07.vcxproj", "{ACD3034D-D9C1-4989-A3D2-596314D9C378}"
EndProject
Project("{8BC9CEB8-8B4A-11D0-8D11-00A0C91BC942}") = "Chapter08_08", "Chapter08_08\Chapter08_08.vcxproj", "{04B3C195-84AB-4D24-B16C-D07C89653742}"
EndProject
Project("{8BC9CEB8-8B4A-11D0-8D11-00A0C91BC942}") = "Chapter08_09", "Chapter08_09\Chapter08_09.vcxproj", "{0DA177A4-DAF8-4FEB-BDF5-F1A9B2E60C34}"
EndProject
Project("{8BC9CEB8-8B4A-11D0-8D11-00A0C91BC942}") = "Chapter08_10", "Chapter08_10\Chapter08_10.vcxproj", "{5D8953BC-C5B4-4170-88FA-44B95C2A88CA}"
EndProject
Project("{8BC9CEB8-8B4A-11D0-8D11-00A0C91BC942}") = "Chapter08_11", "Chapter08_11\Chapter08_11.vcxproj", "{AA3C9B1F-710C-4A2B-9B43-23369B76A4F0}"
EndProject
Project("{8BC9CEB8-8B4A-11D0-8D11-00A0C91BC942}") = "Chapter08_12", "Chapter08_12\Chapter08_12.vcxproj", "{F95AC176-2925-4F6A-A8F8-5EF4D3C45739}"
EndProject
Project("{8BC9CEB8-8B4A-11D0-8D11-00A0C91BC942}") = "Chapter08_13", "Chapter08_13\Chapter08_13.vcxproj", "{D33DF3B2-9731-40EF-BED8-3EAA29A8760B}"
EndProject
Project("{8BC9CEB8-8B4A-11D0-8D11-00A0C91BC942}") = "Chapter08_14", "Chapter08_14\Chapter08_14.vcxproj", "{7F053B71-8F7B-4B2E-B1C8-96F55BD19A01}"
EndProject
Project("{8BC9CEB8-8B4A-11D0-8D11-00A0C91BC942}") = "Chapter09_01", "Chapter09_01\Chapter09_01.vcxproj", "{93B38E3D-A4DF-493E-BB9C-B3B134B15AAA}"
EndProject
Project("{8BC9CEB8-8B4A-11D0-8D11-00A0C91BC942}") = "Chapter09_02", "Chapter09_02\Chapter09_02.vcxproj", "{9E987C2C-9D2C-46DA-A368-3590718200A4}"
EndProject
Global
	GlobalSection(SolutionConfigurationPlatforms) = preSolution
		Debug|x64 = Debug|x64
		Debug|x86 = Debug|x86
		Release|x64 = Release|x64
		Release|x86 = Release|x86
	EndGlobalSection
	GlobalSection(ProjectConfigurationPlatforms) = postSolution
		{92B80C7F-4DFC-4ABE-9237-21AFE589FA4E}.Debug|x64.ActiveCfg = Debug|x64
		{92B80C7F-4DFC-4ABE-9237-21AFE589FA4E}.Debug|x64.Build.0 = Debug|x64
		{92B80C7F-4DFC-4ABE-9237-21AFE589FA4E}.Debug|x86.ActiveCfg = Debug|Win32
		{92B80C7F-4DFC-4ABE-9237-21AFE589FA4E}.Debug|x86.Build.0 = Debug|Win32
		{92B80C7F-4DFC-4ABE-9237-21AFE589FA4E}.Release|x64.ActiveCfg = Release|x64
		{92B80C7F-4DFC-4ABE-9237-21AFE589FA4E}.Release|x64.Build.0 = Release|x64
		{92B80C7F-4DFC-4ABE-9237-21AFE589FA4E}.Release|x86.ActiveCfg = Release|Win32
		{92B80C7F-4DFC-4ABE-9237-21AFE589FA4E}.Release|x86.Build.0 = Release|Win32
		{F8280197-6547-4198-ABED-7E8E198C3727}.Debug|x64.ActiveCfg = Debug|x64
		{F8280197-6547-4198-ABED-7E8E198C3727}.Debug|x64.Build.0 = Debug|x64
		{F8280197-6547-4198-ABED-7E8E198C3727}.Debug|x86.ActiveCfg = Debug|Win32
		{F8280197-6547-4198-ABED-7E8E198C3727}.Debug|x86.Build.0 = Debug|Win32
		{F8280197-6547-4198-ABED-7E8E198C3727}.Release|x64.ActiveCfg = Release|x64
		{F8280197-6547-4198-ABED-7E8E198C3727}.Release|x64.Build.0 = Release|x64
		{F8280197-6547-4198-ABED-7E8E198C3727}.Release|x86.ActiveCfg = Release|Win32
		{F8280197-6547-4198-ABED-7E8E198C3727}.Release|x86.Build.0 = Release|Win32
		{6B3D6710-133C-4A88-8387-813A606399C2}.Debug|x64.ActiveCfg = Debug|x64
		{6B3D6710-133C-4A88-8387-813A606399C2}.Debug|x64.Build.0 = Debug|x64
		{6B3D6710-133C-4A88-8387-813A606399C2}.Debug|x86.ActiveCfg = Debug|Win32
		{6B3D6710-133C-4A88-8387-813A606399C2}.Debug|x86.Build.0 = Debug|Win32
		{6B3D6710-133C-4A88-8387-813A606399C2}.Release|x64.ActiveCfg = Release|x64
		{6B3D6710-133C-4A88-8387-813A606399C2}.Release|x64.Build.0 = Release|x64
		{6B3D6710-133C-4A88-8387-813A606399C2}.Release|x86.ActiveCfg = Release|Win32
		{6B3D6710-133C-4A88-8387-813A606399C2}.Release|x86.Build.0 = Release|Win32
		{B80FE332-6B7B-4793-B1E9-0EE749CD67A8}.Debug|x64.ActiveCfg = Debug|x64
		{B80FE332-6B7B-4793-B1E9-0EE749CD67A8}.Debug|x64.Build.0 = Debug|x64
		{B80FE332-6B7B-4793-B1E9-0EE749CD67A8}.Debug|x86.ActiveCfg = Debug|Win32
		{B80FE332-6B7B-4793-B1E9-0EE749CD67A8}.Debug|x86.Build.0 = Debug|Win32
		{B80FE332-6B7B-4793-B1E9-0EE749CD67A8}.Release|x64.ActiveCfg = Release|x64
		{B80FE332-6B7B-4793-B1E9-0EE749CD67A8}.Release|x64.Build.0 = Release|x64
		{B80FE332-6B7B-4793-B1E9-0EE749CD67A8}.Release|x86.ActiveCfg = Release|Win32
		{B80FE332-6B7B-4793-B1E9-0EE749CD67A8}.Release|x86.Build.0 = Release|Win32
		{8FF54B2D-318F-467C-81DE-8F5F122E5C68}.Debug|x64.ActiveCfg = Debug|x64
		{8FF54B2D-318F-467C-81DE-8F5F122E5C68}.Debug|x64.Build.0 = Debug|x64
		{8FF54B2D-318F-467C-81DE-8F5F122E5C68}.Debug|x86.ActiveCfg = Debug|Win32
		{8FF54B2D-318F-467C-81DE-8F5F122E5C68}.Debug|x86.Build.0 = Debug|Win32
		{8FF54B2D-318F-467C-81DE-8F5F122E5C68}.Release|x64.ActiveCfg = Release|x64
		{8FF54B2D-318F-467C-81DE-8F5F122E5C68}.Release|x64.Build.0 = Release|x64
		{8FF54B2D-318F-467C-81DE-8F5F122E5C68}.Release|x86.ActiveCfg = Release|Win32
		{8FF54B2D-318F-467C-81DE-8F5F122E5C68}.Release|x86.Build.0 = Release|Win32
		{309C6D5C-51AD-4665-9960-77AB06CF2CD3}.Debug|x64.ActiveCfg = Debug|x64
		{309C6D5C-51AD-4665-9960-77AB06CF2CD3}.Debug|x64.Build.0 = Debug|x64
		{309C6D5C-51AD-4665-9960-77AB06CF2CD3}.Debug|x86.ActiveCfg = Debug|Win32
		{309C6D5C-51AD-4665-9960-77AB06CF2CD3}.Debug|x86.Build.0 = Debug|Win32
		{309C6D5C-51AD-4665-9960-77AB06CF2CD3}.Release|x64.ActiveCfg = Release|x64
		{309C6D5C-51AD-4665-9960-77AB06CF2CD3}.Release|x64.Build.0 = Release|x64
		{309C6D5C-51AD-4665-9960-77AB06CF2CD3}.Release|x86.ActiveCfg = Release|Win32
		{309C6D5C-51AD-4665-9960-77AB06CF2CD3}.Release|x86.Build.0 = Release|Win32
		{C319ED53-96AE-4BE2-9C12-5D52762777D2}.Debug|x64.ActiveCfg = Debug|x64
		{C319ED53-96AE-4BE2-9C12-5D52762777D2}.Debug|x64.Build.0 = Debug|x64
		{C319ED53-96AE-4BE2-9C12-5D52762777D2}.Debug|x86.ActiveCfg = Debug|Win32
		{C319ED53-96AE-4BE2-9C12-5D52762777D2}.Debug|x86.Build.0 = Debug|Win32
		{C319ED53-96AE-4BE2-9C12-5D52762777D2}.Release|x64.ActiveCfg = Release|x64
		{C319ED53-96AE-4BE2-9C12-5D52762777D2}.Release|x64.Build.0 = Release|x64
		{C319ED53-96AE-4BE2-9C12-5D52762777D2}.Release|x86.ActiveCfg = Release|Win32
		{C319ED53-96AE-4BE2-9C12-5D52762777D2}.Release|x86.Build.0 = Release|Win32
		{55E0176D-58C8-4AEB-928D-6116A9BC5EC5}.Debug|x64.ActiveCfg = Debug|x64
		{55E0176D-58C8-4AEB-928D-6116A9BC5EC5}.Debug|x64.Build.0 = Debug|x64
		{55E0176D-58C8-4AEB-928D-6116A9BC5EC5}.Debug|x86.ActiveCfg = Debug|Win32
		{55E0176D-58C8-4AEB-928D-6116A9BC5EC5}.Debug|x86.Build.0 = Debug|Win32
		{55E0176D-58C8-4AEB-928D-6116A9BC5EC5}.Release|x64.ActiveCfg = Release|x64
		{55E0176D-58C8-4AEB-928D-6116A9BC5EC5}.Release|x64.Build.0 = Release|x64
		{55E0176D-58C8-4AEB-928D-6116A9BC5EC5}.Release|x86.ActiveCfg = Release|Win32
		{55E0176D-58C8-4AEB-928D-6116A9BC5EC5}.Release|x86.Build.0 = Release|Win32
		{8806FB9A-8A67-4F14-B654-458A9EDB9254}.Debug|x64.ActiveCfg = Debug|x64
		{8806FB9A-8A67-4F14-B654-458A9EDB9254}.Debug|x64.Build.0 = Debug|x64
		{8806FB9A-8A67-4F14-B654-458A9EDB9254}.Debug|x86.ActiveCfg = Debug|Win32
		{8806FB9A-8A67-4F14-B654-458A9EDB9254}.Debug|x86.Build.0 = Debug|Win32
		{8806FB9A-8A67-4F14-B654-458A9EDB9254}.Release|x64.ActiveCfg = Release|x64
		{8806FB9A-8A67-4F14-B654-458A9EDB9254}.Release|x64.Build.0 = Release|x64
		{8806FB9A-8A67-4F14-B654-458A9EDB9254}.Release|x86.ActiveCfg = Release|Win32
		{8806FB9A-8A67-4F14-B654-458A9EDB9254}.Release|x86.Build.0 = Release|Win32
		{F79AC03A-3A8E-4E0C-A381-8411D4AE4E05}.Debug|x64.ActiveCfg = Debug|x64
		{F79AC03A-3A8E-4E0C-A381-8411D4AE4E05}.Debug|x64.Build.0 = Debug|x64
		{F79AC03A-3A8E-4E0C-A381-8411D4AE4E05}.Debug|x86.ActiveCfg = Debug|Win32
		{F79AC03A-3A8E-4E0C-A381-8411D4AE4E05}.Debug|x86.Build.0 = Debug|Win32
		{F79AC03A-3A8E-4E0C-A381-8411D4AE4E05}.Release|x64.ActiveCfg = Release|x64
		{F79AC03A-3A8E-4E0C-A381-8411D4AE4E05}.Release|x64.Build.0 = Release|x64
		{F79AC03A-3A8E-4E0C-A381-8411D4AE4E05}.Release|x86.ActiveCfg = Release|Win32
		{F79AC03A-3A8E-4E0C-A381-8411D4AE4E05}.Release|x86.Build.0 = Release|Win32
		{36400940-859E-4399-85B2-92B581D02E94}.Debug|x64.ActiveCfg = Debug|x64
		{36400940-859E-4399-85B2-92B581D02E94}.Debug|x64.Build.0 = Debug|x64
		{36400940-859E-4399-85B2-92B581D02E94}.Debug|x86.ActiveCfg = Debug|Win32
		{36400940-859E-4399-85B2-92B581D02E94}.Debug|x86.Build.0 = Debug|Win32
		{36400940-859E-4399-85B2-92B581D02E94}.Release|x64.ActiveCfg = Release|x64
		{36400940-859E-4399-85B2-92B581D02E94}.Release|x64.Build.0 = Release|x64
		{36400940-859E-4399-85B2-92B581D02E94}.Release|x86.ActiveCfg = Release|Win32
		{36400940-859E-4399-85B2-92B581D02E94}.Release|x86.Build.0 = Release|Win32
		{33A91F16-D5BE-4B01-88C1-F5BC025CD232}.Debug|x64.ActiveCfg = Debug|x64
		{33A91F16-D5BE-4B01-88C1-F5BC025CD232}.Debug|x64.Build.0 = Debug|x64
		{33A91F16-D5BE-4B01-88C1-F5BC025CD232}.Debug|x86.ActiveCfg = Debug|Win32
		{33A91F16-D5BE-4B01-88C1-F5BC025CD232}.Debug|x86.Build.0 = Debug|Win32
		{33A91F16-D5BE-4B01-88C1-F5BC025CD232}.Release|x64.ActiveCfg = Release|x64
		{33A91F16-D5BE-4B01-88C1-F5BC025CD232}.Release|x64.Build.0 = Release|x64
		{33A91F16-D5BE-4B01-88C1-F5BC025CD232}.Release|x86.ActiveCfg = Release|Win32
		{33A91F16-D5BE-4B01-88C1-F5BC025CD232}.Release|x86.Build.0 = Release|Win32
		{ACD3034D-D9C1-4989-A3D2-596314D9C378}.Debug|x64.ActiveCfg = Debug|x64
		{ACD3034D-D9C1-4989-A3D2-596314D9C378}.Debug|x64.Build.0 = Debug|x64
		{ACD3034D-D9C1-4989-A3D2-596314D9C378}.Debug|x86.ActiveCfg = Debug|Win32
		{ACD3034D-D9C1-4989-A3D2-596314D9C378}.Debug|x86.Build.0 = Debug|Win32
		{ACD3034D-D9C1-4989-A3D2-596314D9C378}.Release|x64.ActiveCfg = Release|x64
		{ACD3034D-D9C1-4989-A3D2-596314D9C378}.Release|x64.Build.0 = Release|x64
		{ACD3034D-D9C1-4989-A3D2-596314D9C378}.Release|x86.ActiveCfg = Release|Win32
		{ACD3034D-D9C1-4989-A3D2-596314D9C378}.Release|x86.Build.0 = Release|Win32
		{04B3C195-84AB-4D24-B16C-D07C89653742}.Debug|x64.ActiveCfg = Debug|x64
		{04B3C195-84AB-4D24-B16C-D07C89653742}.Debug|x64.Build.0 = Debug|x64
		{04B3C195-84AB-4D24-B16C-D07C89653742}.Debug|x86.ActiveCfg = Debug|Win32
		{04B3C195-84AB-4D24-B16C-D07C89653742}.Debug|x86.Build.0 = Debug|Win32
		{04B3C195-84AB-4D24-B16C-D07C89653742}.Release|x64.ActiveCfg = Release|x64
		{04B3C195-84AB-4D24-B16C-D07C89653742}.Release|x64.Build.0 = Release|x64
		{04B3C195-84AB-4D24-B16C-D07C89653742}.Release|x86.ActiveCfg = Release|Win32
		{04B3C195-84AB-4D24-B16C-D07C89653742}.Release|x86.Build.0 = Release|Win32
		{0DA177A4-DAF8-4FEB-BDF5-F1A9B2E60C34}.Debug|x64.ActiveCfg = Debug|x64
		{0DA177A4-DAF8-4FEB-BDF5-F1A9B2E60C34}.Debug|x64.Build.0 = Debug|x64
		{0DA177A4-DAF8-4FEB-BDF5-F1A9B2E60C34}.Debug|x86.ActiveCfg = Debug|Win32
		{0DA177A4-DAF8-4FEB-BDF5-F1A9B2E60C34}.Debug|x86.Build.0 = Debug|Win32
		{0DA177A4-DAF8-4FEB-BDF5-F1A9B2E60C34}.Release|x64.ActiveCfg = Release|x64
		{0DA177A4-DAF8-4FEB-BDF5-F1A9B2E60C34}.Release|x64.Build.0 = Release|x64
		{0DA177A4-DAF8-4FEB-BDF5-F1A9B2E60C34}.Release|x86.ActiveCfg = Release|Win32
		{0DA177A4-DAF8-4FEB-BDF5-F1A9B2E60C34}.Release|x86.Build.0 = Release|Win32
		{5D8953BC-C5B4-4170-88FA-44B95C2A88CA}.Debug|x64.ActiveCfg = Debug|x64
		{5D8953BC-C5B4-4170-88FA-44B95C2A88CA}.Debug|x64.Build.0 = Debug|x64
		{5D8953BC-C5B4-4170-88FA-44B95C2A88CA}.Debug|x86.ActiveCfg = Debug|Win32
		{5D8953BC-C5B4-4170-88FA-44B95C2A88CA}.Debug|x86.Build.0 = Debug|Win32
		{5D8953BC-C5B4-4170-88FA-44B95C2A88CA}.Release|x64.ActiveCfg = Release|x64
		{5D8953BC-C5B4-4170-88FA-44B95C2A88CA}.Release|x64.Build.0 = Release|x64
		{5D8953BC-C5B4-4170-88FA-44B95C2A88CA}.Release|x86.ActiveCfg = Release|Win32
		{5D8953BC-C5B4-4170-88FA-44B95C2A88CA}.Release|x86.Build.0 = Release|Win32
		{AA3C9B1F-710C-4A2B-9B43-23369B76A4F0}.Debug|x64.ActiveCfg = Debug|x64
		{AA3C9B1F-710C-4A2B-9B43-23369B76A4F0}.Debug|x64.Build.0 = Debug|x64
		{AA3C9B1F-710C-4A2B-9B43-23369B76A4F0}.Debug|x86.ActiveCfg = Debug|Win32
		{AA3C9B1F-710C-4A2B-9B43-23369B76A4F0}.Debug|x86.Build.0 = Debug|Win32
		{AA3C9B1F-710C-4A2B-9B43-23369B76A4F0}.Release|x64.ActiveCfg = Release|x64
		{AA3C9B1F-710C-4A2B-9B43-23369B76A4F0}.Release|x64.Build.0 = Release|x64
		{AA3C9B1F-710C-4A2B-9B43-23369B76A4F0}.Release|x86.ActiveCfg = Release|Win32
		{AA3C9B1F-710C-4A2B-9B43-23369B76A4F0}.Release|x86.Build.0 = Release|Win32
		{F95AC176-2925-4F6A-A8F8-5EF4D3C45739}.Debug|x64.ActiveCfg = Debug|x64
		{F95AC176-2925-4F6A-A8F8-5EF4D3C45739}.Debug|x64.Build.0 = Debug|x64
		{F95AC176-2925-4F6A-A8F8-5EF4D3C45739}.Debug|x86.ActiveCfg = Debug|Win32
		{F95AC176-2925-4F6A-A8F8-5EF4D3C45739}.Debug|x86.Build.0 = Debug|Win32
		{F95AC176-2925-4F6A-A8F8-5EF4D3C45739}.Release|x64.ActiveCfg = Release|x64
		{F95AC176-2925-4F6A-A8F8-5EF4D3C45739}.Release|x64.Build.0 = Release|x64
		{F95AC176-2925-4F6A-A8F8-5EF4D3C45739}.Release|x86.ActiveCfg = Release|Win32
		{F95AC176-2925-4F6A-A8F8-5EF4D3C45739}.Release|x86.Build.0 = Release|Win32
		{D33DF3B2-9731-40EF-BED8-3EAA29A8760B}.Debug|x64.ActiveCfg = Debug|x64
		{D33DF3B2-9731-40EF-BED8-3EAA29A8760B}.Debug|x64.Build.0 = Debug|x64
		{D33DF3B2-9731-40EF-BED8-3EAA29A8760B}.Debug|x86.ActiveCfg = Debug|Win32
		{D33DF3B2-9731-40EF-BED8-3EAA29A8760B}.Debug|x86.Build.0 = Debug|Win32
		{D33DF3B2-9731-40EF-BED8-3EAA29A8760B}.Release|x64.ActiveCfg = Release|x64
		{D33DF3B2-9731-40EF-BED8-3EAA29A8760B}.Release|x64.Build.0 = Release|x64
		{D33DF3B2-9731-40EF-BED8-3EAA29A8760B}.Release|x86.ActiveCfg = Release|Win32
		{D33DF3B2-9731-40EF-BED8-3EAA29A8760B}.Release|x86.Build.0 = Release|Win32
		{7F053B71-8F7B-4B2E-B1C8-96F55BD19A01}.Debug|x64.ActiveCfg = Debug|x64
		{7F053B71-8F7B-4B2E-B1C8-96F55BD19A01}.Debug|x64.Build.0 = Debug|x64
		{7F053B71-8F7B-4B2E-B1C8-96F55BD19A01}.Debug|x86.ActiveCfg = Debug|Win32
		{7F053B71-8F7B-4B2E-B1C8-96F55BD19A01}.Debug|x86.Build.0 = Debug|Win32
		{7F053B71-8F7B-4B2E-B1C8-96F55BD19A01}.Release|x64.ActiveCfg = Release|x64
		{7F053B71-8F7B-4B2E-B1C8-96F55BD19A01}.Release|x64.Build.0 = Release|x64
		{7F053B71-8F7B-4B2E-B1C8-96F55BD19A01}.Release|x86.ActiveCfg = Release|Win32
		{7F053B71-8F7B-4B2E-B1C8-96F55BD19A01}.Release|x86.Build.0 = Release|Win32
		{93B38E3D-A4DF-493E-BB9C-B3B134B15AAA}.Debug|x64.ActiveCfg = Debug|x64
		{93B38E3D-A4DF-493E-BB9C-B3B134B15AAA}.Debug|x64.Build.0 = Debug|x64
		{93B38E3D-A4DF-493E-BB9C-B3B134B15AAA}.Debug|x86.ActiveCfg = Debug|Win32
		{93B38E3D-A4DF-493E-BB9C-B3B134B15AAA}.Debug|x86.Build.0 = Debug|Win32
		{93B38E3D-A4DF-493E-BB9C-B3B134B15AAA}.Release|x64.ActiveCfg = Release|x64
		{93B38E3D-A4DF-493E-BB9C-B3B134B15AAA}.Release|x64.Build.0 = Release|x64
		{93B38E3D-A4DF-493E-BB9C-B3B134B15AAA}.Release|x86.ActiveCfg = Release|Win32
		{93B38E3D-A4DF-493E-BB9C-B3B134B15AAA}.Release|x86.Build.0 = Release|Win32
		{9E987C2C-9D2C-46DA-A368-3590718200A4}.Debug|x64.ActiveCfg = Debug|x64
		{9E987C2C-9D2C-46DA-A368-3590718200A4}.Debug|x64.Build.0 = Debug|x64
		{9E987C2C-9D2C-46DA-A368-3590718200A4}.Debug|x86.ActiveCfg = Debug|Win32
		{9E987C2C-9D2C-46DA-A368-3590718200A4}.Debug|x86.Build.0 = Debug|Win32
		{9E987C2C-9D2C-46DA-A368-3590718200A4}.Release|x64.ActiveCfg = Release|x64
		{9E987C2C-9D2C-46DA-A368-3590718200A4}.Release|x64.Build.0 = Release|x64
		{9E987C2C-9D2C-46DA-A368-3590718200A4}.Release|x86.ActiveCfg = Release|Win32
		{9E987C2C-9D2C-46DA-A368-3590718200A4}.Release|x86.Build.0 = Release|Win32
	EndGlobalSection
	GlobalSection(SolutionProperties) = preSolution
		HideSolutionNode = FALSE
	EndGlobalSection
	GlobalSection(ExtensibilityGlobals) = postSolution
		SolutionGuid = {3E4547B0-2DAE-4837-8430-1CDE9C27BF03}
	EndGlobalSection
EndGlobal
