
Microsoft Visual Studio Solution File, Format Version 12.00
# Visual Studio Version 17
VisualStudioVersion = 17.6.33717.318
MinimumVisualStudioVersion = 10.0.40219.1
Project("{8BC9CEB8-8B4A-11D0-8D11-00A0C91BC942}") = "Chapter07_09", "TBC_Review_2\TBC_Review_2.vcxproj", "{92B80C7F-4DFC-4ABE-9237-21AFE589FA4E}"
EndProject
Project("{8BC9CEB8-8B4A-11D0-8D11-00A0C91BC942}") = "Chapter07_10", "Chater07_10\Chater07_10.vcxproj", "{F8280197-6547-4198-ABED-7E8E198C3727}"
EndProject
Project("{8BC9CEB8-8B4A-11D0-8D11-00A0C91BC942}") = "Chapter07_11", "Chater07_11\Chater07_11.vcxproj", "{6B3D6710-133C-4A88-8387-813A606399C2}"
EndProject
Project("{8BC9CEB8-8B4A-11D0-8D11-00A0C91BC942}") = "Chapter07_12", "Chapter07_12\Chapter07_12.vcxproj", "{B80FE332-6B7B-4793-B1E9-0EE749CD67A8}"
EndProject
Project("{8BC9CEB8-8B4A-11D0-8D11-00A0C91BC942}") = "Chapter07_13", "Chapter07_13\Chapter07_13.vcxproj", "{8FF54B2D-318F-467C-81DE-8F5F122E5C68}"
EndProject
Project("{8BC9CEB8-8B4A-11D0-8D11-00A0C91BC942}") = "Chapter07_14", "Chapter07_14\Chapter07_14.vcxproj", "{309C6D5C-51AD-4665-9960-77AB06CF2CD3}"
EndProject
Project("{8BC9CEB8-8B4A-11D0-8D11-00A0C91BC942}") = "Chapter08_01", "Chapter08_01\Chapter08_01.vcxproj", "{C319ED53-96AE-4BE2-9C12-5D52762777D2}"
EndProject
Project("{8BC9CEB8-8B4A-11D0-8D11-00A0C91BC942}") = "Chapter08_02", "Chapter08_02\Chapter08_02.vcxproj", "{55E0176D-58C8-4AEB-928D-6116A9BC5EC5}"
EndProject
Project("{8BC9CEB8-8B4A-11D0-8D11-00A0C91BC942}") = "Chapter08_03", "Chapter08_03\Chapter08_03.vcxproj", "{8806FB9A-8A67-4F14-B654-458A9EDB9254}"
EndProject
Project("{8BC9CEB8-8B4A-11D0-8D11-00A0C91BC942}") = "Chapter08_04", "Chapter08_04\Chapter08_04.vcxproj", "{F79AC03A-3A8E-4E0C-A381-8411D4AE4E05}"
EndProject
Project("{8BC9CEB8-8B4A-11D0-8D11-00A0C91BC942}") = "Chapter08_05", "Chapter08_05\Chapter08_05.vcxproj", "{36400940-859E-4399-85B2-92B581D02E94}"
EndProject
Project("{8BC9CEB8-8B4A-11D0-8D11-00A0C91BC942}") = "Chapter08_06", "Chapter08_06\Chapter08_06.vcxproj", "{33A91F16-D5BE-4B01-88C1-F5BC025CD232}"
EndProject
Project("{8BC9CEB8-8B4A-11D0-8D11-00A0C91BC942}") = "Chapter08_07", "Chapter08_07\Chapter08_07.vcxproj", "{ACD3034D-D9C1-4989-A3D2-596314D9C378}"
EndProject
Project("{8BC9CEB8-8B4A-11D0-8D11-00A0C91BC942}") = "Chapter08_08", "Chapter08_08\Chapter08_08.vcxproj", "{04B3C195-84AB-4D24-B16C-D07C89653742}"
EndProject
Project("{8BC9CEB8-8B4A-11D0-8D11-00A0C91BC942}") = "Chapter08_09", "Chapter08_09\Chapter08_09.vcxproj", "{0DA177A4-DAF8-4FEB-BDF5-F1A9B2E60C34}"
EndProject
Project("{8BC9CEB8-8B4A-11D0-8D11-00A0C91BC942}") = "Chapter08_10", "Chapter08_10\Chapter08_10.vcxproj", "{5D8953BC-C5B4-4170-88FA-44B95C2A88CA}"
EndProject
Project("{8BC9CEB8-8B4A-11D0-8D11-00A0C91BC942}") = "Chapter08_11", "Chapter08_11\Chapter08_11.vcxproj", "{AA3C9B1F-710C-4A2B-9B43-23369B76A4F0}"
EndProject
Project("{8BC9CEB8-8B4A-11D0-8D11-00A0C91BC942}") = "Chapter08_12", "Chapter08_12\Chapter08_12.vcxproj", "{F95AC176-2925-4F6A-A8F8-5EF4D3C45739}"
EndProject
Project("{8BC9CEB8-8B4A-11D0-8D11-00A0C91BC942}") = "Chapter08_13", "Chapter08_13\Chapter08_13.vcxproj", "{D33DF3B2-9731-40EF-BED8-3EAA29A8760B}"
EndProject
Project("{8BC9CEB8-8B4A-11D0-8D11-00A0C91BC942}") = "Chapter08_14", "Chapter08_14\Chapter08_14.vcxproj", "{7F053B71-8F7B-4B2E-B1C8-96F55BD19A01}"
EndProject
Project("{8BC9CEB8-8B4A-11D0-8D11-00A0C91BC942}") = "Chapter09_01", "Chapter09_01\Chapter09_01.vcxproj", "{93B38E3D-A4DF-493E-BB9C-B3B134B15AAA}"
EndProject
Project("{8BC9CEB8-8B4A-11D0-8D11-00A0C91BC942}") = "Chapter09_02", "Chapter09_02\Chapter09_02.vcxproj", "{9E987C2C-9D2C-46DA-A368-3590718200A4}"
EndProject
Project("{8BC9CEB8-8B4A-11D0-8D11-00A0C91BC942}") = "Chapter09_03", "Chapter09_03\Chapter09_03.vcxproj", "{2C430380-66A7-4661-981C-FF7673F7C18F}"
EndProject
Project("{8BC9CEB8-8B4A-11D0-8D11-00A0C91BC942}") = "Chapter09_04", "Chapter09_04\Chapter09_04.vcxproj", "{EA226C61-F4CE-4812-8245-E0846287959F}"
EndProject
Project("{8BC9CEB8-8B4A-11D0-8D11-00A0C91BC942}") = "Chapter09_05", "Chapter09_05\Chapter09_05.vcxproj", "{9832CB2F-0FFC-4F42-A966-441EF20FEF86}"
EndProject
Project("{8BC9CEB8-8B4A-11D0-8D11-00A0C91BC942}") = "Chapter09_06", "Chapter09_06\Chapter09_06.vcxproj", "{A06B591C-83D4-4900-A519-A6D18D429F8E}"
EndProject
Project("{8BC9CEB8-8B4A-11D0-8D11-00A0C91BC942}") = "Chapter09_07", "Chapter09_07\Chapter09_07.vcxproj", "{D14A25BE-2D16-4BA7-B264-1E7497632434}"
EndProject
Project("{8BC9CEB8-8B4A-11D0-8D11-00A0C91BC942}") = "Chapter09_08", "Chapter09_08\Chapter09_08.vcxproj", "{D9C92A0A-DD33-4A49-8252-5DE8082178EC}"
EndProject
Project("{8BC9CEB8-8B4A-11D0-8D11-00A0C91BC942}") = "Chapter09_09", "Chapter09_09\Chapter09_09.vcxproj", "{887AA349-5AA5-4226-AE21-3214A72270FA}"
EndProject
Project("{8BC9CEB8-8B4A-11D0-8D11-00A0C91BC942}") = "Chapter09_10", "Chapter09_10\Chapter09_10.vcxproj", "{114542A3-1917-43F8-A9D3-E8FB28EA0A41}"
EndProject
Project("{8BC9CEB8-8B4A-11D0-8D11-00A0C91BC942}") = "Chapter09_11", "Chapter09_11\Chapter09_11.vcxproj", "{BB131451-4E5B-4452-A7C2-A33C909763D7}"
EndProject
Project("{8BC9CEB8-8B4A-11D0-8D11-00A0C91BC942}") = "Chapter09_12", "Chapter09_12\Chapter09_12.vcxproj", "{613D4367-F619-491A-99EF-E283BCA4343D}"
EndProject
Project("{8BC9CEB8-8B4A-11D0-8D11-00A0C91BC942}") = "Chapter10_02", "Chapter10_02\Chapter10_02.vcxproj", "{285EACC6-23B5-4C88-A21E-8703F8F8E6DD}"
EndProject
Project("{8BC9CEB8-8B4A-11D0-8D11-00A0C91BC942}") = "Chapter10_03", "Chapter10_03\Chapter10_03.vcxproj", "{0554A571-CF1C-4D2C-9DF2-DB60FE704CBD}"
EndProject
Project("{8BC9CEB8-8B4A-11D0-8D11-00A0C91BC942}") = "Chapter10_04", "Chapter10_04\Chapter10_04.vcxproj", "{DC59806A-865E-4164-A0CC-9E548C0CE682}"
EndProject
Project("{8BC9CEB8-8B4A-11D0-8D11-00A0C91BC942}") = "Chapter10_05", "Chapter10_05\Chapter10_05.vcxproj", "{4DA1DC9F-FDAE-401D-BFE2-CB94154214F1}"
EndProject
Project("{8BC9CEB8-8B4A-11D0-8D11-00A0C91BC942}") = "Chapter11_01", "Chapter11_01\Chapter11_01.vcxproj", "{2C6DBC50-607A-4BEC-BA2C-B04638CE425A}"
EndProject
Project("{8BC9CEB8-8B4A-11D0-8D11-00A0C91BC942}") = "Chapter11_02", "Chapter11_02\Chapter11_02.vcxproj", "{A9CF92B2-4628-46D9-9F2F-0048A0810212}"
EndProject
Project("{8BC9CEB8-8B4A-11D0-8D11-00A0C91BC942}") = "Chapter11_03", "Chapter11_03\Chapter11_03.vcxproj", "{30F40AA0-6834-40C7-8BE8-5F3352E75CB3}"
EndProject
Project("{8BC9CEB8-8B4A-11D0-8D11-00A0C91BC942}") = "Chapter11_04", "Chapter11_04\Chapter11_04.vcxproj", "{3137244D-9AC3-4ABD-9129-222019E225EE}"
EndProject
Project("{8BC9CEB8-8B4A-11D0-8D11-00A0C91BC942}") = "Chapter11_05", "Chapter11_05\Chapter11_05.vcxproj", "{B1E73575-2AF3-477D-978A-B5656786E153}"
EndProject
Project("{8BC9CEB8-8B4A-11D0-8D11-00A0C91BC942}") = "Chapter11_06", "Chapter11_06\Chapter11_06.vcxproj", "{F52BF73D-A611-41CA-84AA-29ED5AAD7096}"
EndProject
Project("{8BC9CEB8-8B4A-11D0-8D11-00A0C91BC942}") = "Chapter12_03", "Chapter12_03\Chapter12_03.vcxproj", "{1D2D43FB-6413-4043-98D5-A0A84BEDFBAD}"
EndProject
Project("{8BC9CEB8-8B4A-11D0-8D11-00A0C91BC942}") = "Chapter12_04", "Chapter12_04\Chapter12_04.vcxproj", "{DBFC6D3C-0804-4CA4-97FA-60BA15C7A66E}"
EndProject
Project("{8BC9CEB8-8B4A-11D0-8D11-00A0C91BC942}") = "Chapter12_05", "Chapter12_05\Chapter12_05.vcxproj", "{C44AB571-6918-46D5-805F-A33D1C7EEF0A}"
EndProject
Project("{8BC9CEB8-8B4A-11D0-8D11-00A0C91BC942}") = "Chapter12_06", "Chapter12_06\Chapter12_06.vcxproj", "{325FDC0C-4762-43F2-9ED8-2B8C6F6F5219}"
EndProject
Project("{8BC9CEB8-8B4A-11D0-8D11-00A0C91BC942}") = "Chapter12_08", "Chapter12_07\Chapter12_07.vcxproj", "{EB2DD9BF-FFF4-4F8E-B1D1-D87B1A0CC892}"
EndProject
Global
	GlobalSection(SolutionConfigurationPlatforms) = preSolution
		Debug|x64 = Debug|x64
		Debug|x86 = Debug|x86
		Release|x64 = Release|x64
		Release|x86 = Release|x86
	EndGlobalSection
	GlobalSection(ProjectConfigurationPlatforms) = postSolution
		{92B80C7F-4DFC-4ABE-9237-21AFE589FA4E}.Debug|x64.ActiveCfg = Debug|x64
		{92B80C7F-4DFC-4ABE-9237-21AFE589FA4E}.Debug|x64.Build.0 = Debug|x64
		{92B80C7F-4DFC-4ABE-9237-21AFE589FA4E}.Debug|x86.ActiveCfg = Debug|Win32
		{92B80C7F-4DFC-4ABE-9237-21AFE589FA4E}.Debug|x86.Build.0 = Debug|Win32
		{92B80C7F-4DFC-4ABE-9237-21AFE589FA4E}.Release|x64.ActiveCfg = Release|x64
		{92B80C7F-4DFC-4ABE-9237-21AFE589FA4E}.Release|x64.Build.0 = Release|x64
		{92B80C7F-4DFC-4ABE-9237-21AFE589FA4E}.Release|x86.ActiveCfg = Release|Win32
		{92B80C7F-4DFC-4ABE-9237-21AFE589FA4E}.Release|x86.Build.0 = Release|Win32
		{F8280197-6547-4198-ABED-7E8E198C3727}.Debug|x64.ActiveCfg = Debug|x64
		{F8280197-6547-4198-ABED-7E8E198C3727}.Debug|x64.Build.0 = Debug|x64
		{F8280197-6547-4198-ABED-7E8E198C3727}.Debug|x86.ActiveCfg = Debug|Win32
		{F8280197-6547-4198-ABED-7E8E198C3727}.Debug|x86.Build.0 = Debug|Win32
		{F8280197-6547-4198-ABED-7E8E198C3727}.Release|x64.ActiveCfg = Release|x64
		{F8280197-6547-4198-ABED-7E8E198C3727}.Release|x64.Build.0 = Release|x64
		{F8280197-6547-4198-ABED-7E8E198C3727}.Release|x86.ActiveCfg = Release|Win32
		{F8280197-6547-4198-ABED-7E8E198C3727}.Release|x86.Build.0 = Release|Win32
		{6B3D6710-133C-4A88-8387-813A606399C2}.Debug|x64.ActiveCfg = Debug|x64
		{6B3D6710-133C-4A88-8387-813A606399C2}.Debug|x64.Build.0 = Debug|x64
		{6B3D6710-133C-4A88-8387-813A606399C2}.Debug|x86.ActiveCfg = Debug|Win32
		{6B3D6710-133C-4A88-8387-813A606399C2}.Debug|x86.Build.0 = Debug|Win32
		{6B3D6710-133C-4A88-8387-813A606399C2}.Release|x64.ActiveCfg = Release|x64
		{6B3D6710-133C-4A88-8387-813A606399C2}.Release|x64.Build.0 = Release|x64
		{6B3D6710-133C-4A88-8387-813A606399C2}.Release|x86.ActiveCfg = Release|Win32
		{6B3D6710-133C-4A88-8387-813A606399C2}.Release|x86.Build.0 = Release|Win32
		{B80FE332-6B7B-4793-B1E9-0EE749CD67A8}.Debug|x64.ActiveCfg = Debug|x64
		{B80FE332-6B7B-4793-B1E9-0EE749CD67A8}.Debug|x64.Build.0 = Debug|x64
		{B80FE332-6B7B-4793-B1E9-0EE749CD67A8}.Debug|x86.ActiveCfg = Debug|Win32
		{B80FE332-6B7B-4793-B1E9-0EE749CD67A8}.Debug|x86.Build.0 = Debug|Win32
		{B80FE332-6B7B-4793-B1E9-0EE749CD67A8}.Release|x64.ActiveCfg = Release|x64
		{B80FE332-6B7B-4793-B1E9-0EE749CD67A8}.Release|x64.Build.0 = Release|x64
		{B80FE332-6B7B-4793-B1E9-0EE749CD67A8}.Release|x86.ActiveCfg = Release|Win32
		{B80FE332-6B7B-4793-B1E9-0EE749CD67A8}.Release|x86.Build.0 = Release|Win32
		{8FF54B2D-318F-467C-81DE-8F5F122E5C68}.Debug|x64.ActiveCfg = Debug|x64
		{8FF54B2D-318F-467C-81DE-8F5F122E5C68}.Debug|x64.Build.0 = Debug|x64
		{8FF54B2D-318F-467C-81DE-8F5F122E5C68}.Debug|x86.ActiveCfg = Debug|Win32
		{8FF54B2D-318F-467C-81DE-8F5F122E5C68}.Debug|x86.Build.0 = Debug|Win32
		{8FF54B2D-318F-467C-81DE-8F5F122E5C68}.Release|x64.ActiveCfg = Release|x64
		{8FF54B2D-318F-467C-81DE-8F5F122E5C68}.Release|x64.Build.0 = Release|x64
		{8FF54B2D-318F-467C-81DE-8F5F122E5C68}.Release|x86.ActiveCfg = Release|Win32
		{8FF54B2D-318F-467C-81DE-8F5F122E5C68}.Release|x86.Build.0 = Release|Win32
		{309C6D5C-51AD-4665-9960-77AB06CF2CD3}.Debug|x64.ActiveCfg = Debug|x64
		{309C6D5C-51AD-4665-9960-77AB06CF2CD3}.Debug|x64.Build.0 = Debug|x64
		{309C6D5C-51AD-4665-9960-77AB06CF2CD3}.Debug|x86.ActiveCfg = Debug|Win32
		{309C6D5C-51AD-4665-9960-77AB06CF2CD3}.Debug|x86.Build.0 = Debug|Win32
		{309C6D5C-51AD-4665-9960-77AB06CF2CD3}.Release|x64.ActiveCfg = Release|x64
		{309C6D5C-51AD-4665-9960-77AB06CF2CD3}.Release|x64.Build.0 = Release|x64
		{309C6D5C-51AD-4665-9960-77AB06CF2CD3}.Release|x86.ActiveCfg = Release|Win32
		{309C6D5C-51AD-4665-9960-77AB06CF2CD3}.Release|x86.Build.0 = Release|Win32
		{C319ED53-96AE-4BE2-9C12-5D52762777D2}.Debug|x64.ActiveCfg = Debug|x64
		{C319ED53-96AE-4BE2-9C12-5D52762777D2}.Debug|x64.Build.0 = Debug|x64
		{C319ED53-96AE-4BE2-9C12-5D52762777D2}.Debug|x86.ActiveCfg = Debug|Win32
		{C319ED53-96AE-4BE2-9C12-5D52762777D2}.Debug|x86.Build.0 = Debug|Win32
		{C319ED53-96AE-4BE2-9C12-5D52762777D2}.Release|x64.ActiveCfg = Release|x64
		{C319ED53-96AE-4BE2-9C12-5D52762777D2}.Release|x64.Build.0 = Release|x64
		{C319ED53-96AE-4BE2-9C12-5D52762777D2}.Release|x86.ActiveCfg = Release|Win32
		{C319ED53-96AE-4BE2-9C12-5D52762777D2}.Release|x86.Build.0 = Release|Win32
		{55E0176D-58C8-4AEB-928D-6116A9BC5EC5}.Debug|x64.ActiveCfg = Debug|x64
		{55E0176D-58C8-4AEB-928D-6116A9BC5EC5}.Debug|x64.Build.0 = Debug|x64
		{55E0176D-58C8-4AEB-928D-6116A9BC5EC5}.Debug|x86.ActiveCfg = Debug|Win32
		{55E0176D-58C8-4AEB-928D-6116A9BC5EC5}.Debug|x86.Build.0 = Debug|Win32
		{55E0176D-58C8-4AEB-928D-6116A9BC5EC5}.Release|x64.ActiveCfg = Release|x64
		{55E0176D-58C8-4AEB-928D-6116A9BC5EC5}.Release|x64.Build.0 = Release|x64
		{55E0176D-58C8-4AEB-928D-6116A9BC5EC5}.Release|x86.ActiveCfg = Release|Win32
		{55E0176D-58C8-4AEB-928D-6116A9BC5EC5}.Release|x86.Build.0 = Release|Win32
		{8806FB9A-8A67-4F14-B654-458A9EDB9254}.Debug|x64.ActiveCfg = Debug|x64
		{8806FB9A-8A67-4F14-B654-458A9EDB9254}.Debug|x64.Build.0 = Debug|x64
		{8806FB9A-8A67-4F14-B654-458A9EDB9254}.Debug|x86.ActiveCfg = Debug|Win32
		{8806FB9A-8A67-4F14-B654-458A9EDB9254}.Debug|x86.Build.0 = Debug|Win32
		{8806FB9A-8A67-4F14-B654-458A9EDB9254}.Release|x64.ActiveCfg = Release|x64
		{8806FB9A-8A67-4F14-B654-458A9EDB9254}.Release|x64.Build.0 = Release|x64
		{8806FB9A-8A67-4F14-B654-458A9EDB9254}.Release|x86.ActiveCfg = Release|Win32
		{8806FB9A-8A67-4F14-B654-458A9EDB9254}.Release|x86.Build.0 = Release|Win32
		{F79AC03A-3A8E-4E0C-A381-8411D4AE4E05}.Debug|x64.ActiveCfg = Debug|x64
		{F79AC03A-3A8E-4E0C-A381-8411D4AE4E05}.Debug|x64.Build.0 = Debug|x64
		{F79AC03A-3A8E-4E0C-A381-8411D4AE4E05}.Debug|x86.ActiveCfg = Debug|Win32
		{F79AC03A-3A8E-4E0C-A381-8411D4AE4E05}.Debug|x86.Build.0 = Debug|Win32
		{F79AC03A-3A8E-4E0C-A381-8411D4AE4E05}.Release|x64.ActiveCfg = Release|x64
		{F79AC03A-3A8E-4E0C-A381-8411D4AE4E05}.Release|x64.Build.0 = Release|x64
		{F79AC03A-3A8E-4E0C-A381-8411D4AE4E05}.Release|x86.ActiveCfg = Release|Win32
		{F79AC03A-3A8E-4E0C-A381-8411D4AE4E05}.Release|x86.Build.0 = Release|Win32
		{36400940-859E-4399-85B2-92B581D02E94}.Debug|x64.ActiveCfg = Debug|x64
		{36400940-859E-4399-85B2-92B581D02E94}.Debug|x64.Build.0 = Debug|x64
		{36400940-859E-4399-85B2-92B581D02E94}.Debug|x86.ActiveCfg = Debug|Win32
		{36400940-859E-4399-85B2-92B581D02E94}.Debug|x86.Build.0 = Debug|Win32
		{36400940-859E-4399-85B2-92B581D02E94}.Release|x64.ActiveCfg = Release|x64
		{36400940-859E-4399-85B2-92B581D02E94}.Release|x64.Build.0 = Release|x64
		{36400940-859E-4399-85B2-92B581D02E94}.Release|x86.ActiveCfg = Release|Win32
		{36400940-859E-4399-85B2-92B581D02E94}.Release|x86.Build.0 = Release|Win32
		{33A91F16-D5BE-4B01-88C1-F5BC025CD232}.Debug|x64.ActiveCfg = Debug|x64
		{33A91F16-D5BE-4B01-88C1-F5BC025CD232}.Debug|x64.Build.0 = Debug|x64
		{33A91F16-D5BE-4B01-88C1-F5BC025CD232}.Debug|x86.ActiveCfg = Debug|Win32
		{33A91F16-D5BE-4B01-88C1-F5BC025CD232}.Debug|x86.Build.0 = Debug|Win32
		{33A91F16-D5BE-4B01-88C1-F5BC025CD232}.Release|x64.ActiveCfg = Release|x64
		{33A91F16-D5BE-4B01-88C1-F5BC025CD232}.Release|x64.Build.0 = Release|x64
		{33A91F16-D5BE-4B01-88C1-F5BC025CD232}.Release|x86.ActiveCfg = Release|Win32
		{33A91F16-D5BE-4B01-88C1-F5BC025CD232}.Release|x86.Build.0 = Release|Win32
		{ACD3034D-D9C1-4989-A3D2-596314D9C378}.Debug|x64.ActiveCfg = Debug|x64
		{ACD3034D-D9C1-4989-A3D2-596314D9C378}.Debug|x64.Build.0 = Debug|x64
		{ACD3034D-D9C1-4989-A3D2-596314D9C378}.Debug|x86.ActiveCfg = Debug|Win32
		{ACD3034D-D9C1-4989-A3D2-596314D9C378}.Debug|x86.Build.0 = Debug|Win32
		{ACD3034D-D9C1-4989-A3D2-596314D9C378}.Release|x64.ActiveCfg = Release|x64
		{ACD3034D-D9C1-4989-A3D2-596314D9C378}.Release|x64.Build.0 = Release|x64
		{ACD3034D-D9C1-4989-A3D2-596314D9C378}.Release|x86.ActiveCfg = Release|Win32
		{ACD3034D-D9C1-4989-A3D2-596314D9C378}.Release|x86.Build.0 = Release|Win32
		{04B3C195-84AB-4D24-B16C-D07C89653742}.Debug|x64.ActiveCfg = Debug|x64
		{04B3C195-84AB-4D24-B16C-D07C89653742}.Debug|x64.Build.0 = Debug|x64
		{04B3C195-84AB-4D24-B16C-D07C89653742}.Debug|x86.ActiveCfg = Debug|Win32
		{04B3C195-84AB-4D24-B16C-D07C89653742}.Debug|x86.Build.0 = Debug|Win32
		{04B3C195-84AB-4D24-B16C-D07C89653742}.Release|x64.ActiveCfg = Release|x64
		{04B3C195-84AB-4D24-B16C-D07C89653742}.Release|x64.Build.0 = Release|x64
		{04B3C195-84AB-4D24-B16C-D07C89653742}.Release|x86.ActiveCfg = Release|Win32
		{04B3C195-84AB-4D24-B16C-D07C89653742}.Release|x86.Build.0 = Release|Win32
		{0DA177A4-DAF8-4FEB-BDF5-F1A9B2E60C34}.Debug|x64.ActiveCfg = Debug|x64
		{0DA177A4-DAF8-4FEB-BDF5-F1A9B2E60C34}.Debug|x64.Build.0 = Debug|x64
		{0DA177A4-DAF8-4FEB-BDF5-F1A9B2E60C34}.Debug|x86.ActiveCfg = Debug|Win32
		{0DA177A4-DAF8-4FEB-BDF5-F1A9B2E60C34}.Debug|x86.Build.0 = Debug|Win32
		{0DA177A4-DAF8-4FEB-BDF5-F1A9B2E60C34}.Release|x64.ActiveCfg = Release|x64
		{0DA177A4-DAF8-4FEB-BDF5-F1A9B2E60C34}.Release|x64.Build.0 = Release|x64
		{0DA177A4-DAF8-4FEB-BDF5-F1A9B2E60C34}.Release|x86.ActiveCfg = Release|Win32
		{0DA177A4-DAF8-4FEB-BDF5-F1A9B2E60C34}.Release|x86.Build.0 = Release|Win32
		{5D8953BC-C5B4-4170-88FA-44B95C2A88CA}.Debug|x64.ActiveCfg = Debug|x64
		{5D8953BC-C5B4-4170-88FA-44B95C2A88CA}.Debug|x64.Build.0 = Debug|x64
		{5D8953BC-C5B4-4170-88FA-44B95C2A88CA}.Debug|x86.ActiveCfg = Debug|Win32
		{5D8953BC-C5B4-4170-88FA-44B95C2A88CA}.Debug|x86.Build.0 = Debug|Win32
		{5D8953BC-C5B4-4170-88FA-44B95C2A88CA}.Release|x64.ActiveCfg = Release|x64
		{5D8953BC-C5B4-4170-88FA-44B95C2A88CA}.Release|x64.Build.0 = Release|x64
		{5D8953BC-C5B4-4170-88FA-44B95C2A88CA}.Release|x86.ActiveCfg = Release|Win32
		{5D8953BC-C5B4-4170-88FA-44B95C2A88CA}.Release|x86.Build.0 = Release|Win32
		{AA3C9B1F-710C-4A2B-9B43-23369B76A4F0}.Debug|x64.ActiveCfg = Debug|x64
		{AA3C9B1F-710C-4A2B-9B43-23369B76A4F0}.Debug|x64.Build.0 = Debug|x64
		{AA3C9B1F-710C-4A2B-9B43-23369B76A4F0}.Debug|x86.ActiveCfg = Debug|Win32
		{AA3C9B1F-710C-4A2B-9B43-23369B76A4F0}.Debug|x86.Build.0 = Debug|Win32
		{AA3C9B1F-710C-4A2B-9B43-23369B76A4F0}.Release|x64.ActiveCfg = Release|x64
		{AA3C9B1F-710C-4A2B-9B43-23369B76A4F0}.Release|x64.Build.0 = Release|x64
		{AA3C9B1F-710C-4A2B-9B43-23369B76A4F0}.Release|x86.ActiveCfg = Release|Win32
		{AA3C9B1F-710C-4A2B-9B43-23369B76A4F0}.Release|x86.Build.0 = Release|Win32
		{F95AC176-2925-4F6A-A8F8-5EF4D3C45739}.Debug|x64.ActiveCfg = Debug|x64
		{F95AC176-2925-4F6A-A8F8-5EF4D3C45739}.Debug|x64.Build.0 = Debug|x64
		{F95AC176-2925-4F6A-A8F8-5EF4D3C45739}.Debug|x86.ActiveCfg = Debug|Win32
		{F95AC176-2925-4F6A-A8F8-5EF4D3C45739}.Debug|x86.Build.0 = Debug|Win32
		{F95AC176-2925-4F6A-A8F8-5EF4D3C45739}.Release|x64.ActiveCfg = Release|x64
		{F95AC176-2925-4F6A-A8F8-5EF4D3C45739}.Release|x64.Build.0 = Release|x64
		{F95AC176-2925-4F6A-A8F8-5EF4D3C45739}.Release|x86.ActiveCfg = Release|Win32
		{F95AC176-2925-4F6A-A8F8-5EF4D3C45739}.Release|x86.Build.0 = Release|Win32
		{D33DF3B2-9731-40EF-BED8-3EAA29A8760B}.Debug|x64.ActiveCfg = Debug|x64
		{D33DF3B2-9731-40EF-BED8-3EAA29A8760B}.Debug|x64.Build.0 = Debug|x64
		{D33DF3B2-9731-40EF-BED8-3EAA29A8760B}.Debug|x86.ActiveCfg = Debug|Win32
		{D33DF3B2-9731-40EF-BED8-3EAA29A8760B}.Debug|x86.Build.0 = Debug|Win32
		{D33DF3B2-9731-40EF-BED8-3EAA29A8760B}.Release|x64.ActiveCfg = Release|x64
		{D33DF3B2-9731-40EF-BED8-3EAA29A8760B}.Release|x64.Build.0 = Release|x64
		{D33DF3B2-9731-40EF-BED8-3EAA29A8760B}.Release|x86.ActiveCfg = Release|Win32
		{D33DF3B2-9731-40EF-BED8-3EAA29A8760B}.Release|x86.Build.0 = Release|Win32
		{7F053B71-8F7B-4B2E-B1C8-96F55BD19A01}.Debug|x64.ActiveCfg = Debug|x64
		{7F053B71-8F7B-4B2E-B1C8-96F55BD19A01}.Debug|x64.Build.0 = Debug|x64
		{7F053B71-8F7B-4B2E-B1C8-96F55BD19A01}.Debug|x86.ActiveCfg = Debug|Win32
		{7F053B71-8F7B-4B2E-B1C8-96F55BD19A01}.Debug|x86.Build.0 = Debug|Win32
		{7F053B71-8F7B-4B2E-B1C8-96F55BD19A01}.Release|x64.ActiveCfg = Release|x64
		{7F053B71-8F7B-4B2E-B1C8-96F55BD19A01}.Release|x64.Build.0 = Release|x64
		{7F053B71-8F7B-4B2E-B1C8-96F55BD19A01}.Release|x86.ActiveCfg = Release|Win32
		{7F053B71-8F7B-4B2E-B1C8-96F55BD19A01}.Release|x86.Build.0 = Release|Win32
		{93B38E3D-A4DF-493E-BB9C-B3B134B15AAA}.Debug|x64.ActiveCfg = Debug|x64
		{93B38E3D-A4DF-493E-BB9C-B3B134B15AAA}.Debug|x64.Build.0 = Debug|x64
		{93B38E3D-A4DF-493E-BB9C-B3B134B15AAA}.Debug|x86.ActiveCfg = Debug|Win32
		{93B38E3D-A4DF-493E-BB9C-B3B134B15AAA}.Debug|x86.Build.0 = Debug|Win32
		{93B38E3D-A4DF-493E-BB9C-B3B134B15AAA}.Release|x64.ActiveCfg = Release|x64
		{93B38E3D-A4DF-493E-BB9C-B3B134B15AAA}.Release|x64.Build.0 = Release|x64
		{93B38E3D-A4DF-493E-BB9C-B3B134B15AAA}.Release|x86.ActiveCfg = Release|Win32
		{93B38E3D-A4DF-493E-BB9C-B3B134B15AAA}.Release|x86.Build.0 = Release|Win32
		{9E987C2C-9D2C-46DA-A368-3590718200A4}.Debug|x64.ActiveCfg = Debug|x64
		{9E987C2C-9D2C-46DA-A368-3590718200A4}.Debug|x64.Build.0 = Debug|x64
		{9E987C2C-9D2C-46DA-A368-3590718200A4}.Debug|x86.ActiveCfg = Debug|Win32
		{9E987C2C-9D2C-46DA-A368-3590718200A4}.Debug|x86.Build.0 = Debug|Win32
		{9E987C2C-9D2C-46DA-A368-3590718200A4}.Release|x64.ActiveCfg = Release|x64
		{9E987C2C-9D2C-46DA-A368-3590718200A4}.Release|x64.Build.0 = Release|x64
		{9E987C2C-9D2C-46DA-A368-3590718200A4}.Release|x86.ActiveCfg = Release|Win32
		{9E987C2C-9D2C-46DA-A368-3590718200A4}.Release|x86.Build.0 = Release|Win32
		{2C430380-66A7-4661-981C-FF7673F7C18F}.Debug|x64.ActiveCfg = Debug|x64
		{2C430380-66A7-4661-981C-FF7673F7C18F}.Debug|x64.Build.0 = Debug|x64
		{2C430380-66A7-4661-981C-FF7673F7C18F}.Debug|x86.ActiveCfg = Debug|Win32
		{2C430380-66A7-4661-981C-FF7673F7C18F}.Debug|x86.Build.0 = Debug|Win32
		{2C430380-66A7-4661-981C-FF7673F7C18F}.Release|x64.ActiveCfg = Release|x64
		{2C430380-66A7-4661-981C-FF7673F7C18F}.Release|x64.Build.0 = Release|x64
		{2C430380-66A7-4661-981C-FF7673F7C18F}.Release|x86.ActiveCfg = Release|Win32
		{2C430380-66A7-4661-981C-FF7673F7C18F}.Release|x86.Build.0 = Release|Win32
		{EA226C61-F4CE-4812-8245-E0846287959F}.Debug|x64.ActiveCfg = Debug|x64
		{EA226C61-F4CE-4812-8245-E0846287959F}.Debug|x64.Build.0 = Debug|x64
		{EA226C61-F4CE-4812-8245-E0846287959F}.Debug|x86.ActiveCfg = Debug|Win32
		{EA226C61-F4CE-4812-8245-E0846287959F}.Debug|x86.Build.0 = Debug|Win32
		{EA226C61-F4CE-4812-8245-E0846287959F}.Release|x64.ActiveCfg = Release|x64
		{EA226C61-F4CE-4812-8245-E0846287959F}.Release|x64.Build.0 = Release|x64
		{EA226C61-F4CE-4812-8245-E0846287959F}.Release|x86.ActiveCfg = Release|Win32
		{EA226C61-F4CE-4812-8245-E0846287959F}.Release|x86.Build.0 = Release|Win32
		{9832CB2F-0FFC-4F42-A966-441EF20FEF86}.Debug|x64.ActiveCfg = Debug|x64
		{9832CB2F-0FFC-4F42-A966-441EF20FEF86}.Debug|x64.Build.0 = Debug|x64
		{9832CB2F-0FFC-4F42-A966-441EF20FEF86}.Debug|x86.ActiveCfg = Debug|Win32
		{9832CB2F-0FFC-4F42-A966-441EF20FEF86}.Debug|x86.Build.0 = Debug|Win32
		{9832CB2F-0FFC-4F42-A966-441EF20FEF86}.Release|x64.ActiveCfg = Release|x64
		{9832CB2F-0FFC-4F42-A966-441EF20FEF86}.Release|x64.Build.0 = Release|x64
		{9832CB2F-0FFC-4F42-A966-441EF20FEF86}.Release|x86.ActiveCfg = Release|Win32
		{9832CB2F-0FFC-4F42-A966-441EF20FEF86}.Release|x86.Build.0 = Release|Win32
		{A06B591C-83D4-4900-A519-A6D18D429F8E}.Debug|x64.ActiveCfg = Debug|x64
		{A06B591C-83D4-4900-A519-A6D18D429F8E}.Debug|x64.Build.0 = Debug|x64
		{A06B591C-83D4-4900-A519-A6D18D429F8E}.Debug|x86.ActiveCfg = Debug|Win32
		{A06B591C-83D4-4900-A519-A6D18D429F8E}.Debug|x86.Build.0 = Debug|Win32
		{A06B591C-83D4-4900-A519-A6D18D429F8E}.Release|x64.ActiveCfg = Release|x64
		{A06B591C-83D4-4900-A519-A6D18D429F8E}.Release|x64.Build.0 = Release|x64
		{A06B591C-83D4-4900-A519-A6D18D429F8E}.Release|x86.ActiveCfg = Release|Win32
		{A06B591C-83D4-4900-A519-A6D18D429F8E}.Release|x86.Build.0 = Release|Win32
		{D14A25BE-2D16-4BA7-B264-1E7497632434}.Debug|x64.ActiveCfg = Debug|x64
		{D14A25BE-2D16-4BA7-B264-1E7497632434}.Debug|x64.Build.0 = Debug|x64
		{D14A25BE-2D16-4BA7-B264-1E7497632434}.Debug|x86.ActiveCfg = Debug|Win32
		{D14A25BE-2D16-4BA7-B264-1E7497632434}.Debug|x86.Build.0 = Debug|Win32
		{D14A25BE-2D16-4BA7-B264-1E7497632434}.Release|x64.ActiveCfg = Release|x64
		{D14A25BE-2D16-4BA7-B264-1E7497632434}.Release|x64.Build.0 = Release|x64
		{D14A25BE-2D16-4BA7-B264-1E7497632434}.Release|x86.ActiveCfg = Release|Win32
		{D14A25BE-2D16-4BA7-B264-1E7497632434}.Release|x86.Build.0 = Release|Win32
		{D9C92A0A-DD33-4A49-8252-5DE8082178EC}.Debug|x64.ActiveCfg = Debug|x64
		{D9C92A0A-DD33-4A49-8252-5DE8082178EC}.Debug|x64.Build.0 = Debug|x64
		{D9C92A0A-DD33-4A49-8252-5DE8082178EC}.Debug|x86.ActiveCfg = Debug|Win32
		{D9C92A0A-DD33-4A49-8252-5DE8082178EC}.Debug|x86.Build.0 = Debug|Win32
		{D9C92A0A-DD33-4A49-8252-5DE8082178EC}.Release|x64.ActiveCfg = Release|x64
		{D9C92A0A-DD33-4A49-8252-5DE8082178EC}.Release|x64.Build.0 = Release|x64
		{D9C92A0A-DD33-4A49-8252-5DE8082178EC}.Release|x86.ActiveCfg = Release|Win32
		{D9C92A0A-DD33-4A49-8252-5DE8082178EC}.Release|x86.Build.0 = Release|Win32
		{887AA349-5AA5-4226-AE21-3214A72270FA}.Debug|x64.ActiveCfg = Debug|x64
		{887AA349-5AA5-4226-AE21-3214A72270FA}.Debug|x64.Build.0 = Debug|x64
		{887AA349-5AA5-4226-AE21-3214A72270FA}.Debug|x86.ActiveCfg = Debug|Win32
		{887AA349-5AA5-4226-AE21-3214A72270FA}.Debug|x86.Build.0 = Debug|Win32
		{887AA349-5AA5-4226-AE21-3214A72270FA}.Release|x64.ActiveCfg = Release|x64
		{887AA349-5AA5-4226-AE21-3214A72270FA}.Release|x64.Build.0 = Release|x64
		{887AA349-5AA5-4226-AE21-3214A72270FA}.Release|x86.ActiveCfg = Release|Win32
		{887AA349-5AA5-4226-AE21-3214A72270FA}.Release|x86.Build.0 = Release|Win32
		{114542A3-1917-43F8-A9D3-E8FB28EA0A41}.Debug|x64.ActiveCfg = Debug|x64
		{114542A3-1917-43F8-A9D3-E8FB28EA0A41}.Debug|x64.Build.0 = Debug|x64
		{114542A3-1917-43F8-A9D3-E8FB28EA0A41}.Debug|x86.ActiveCfg = Debug|Win32
		{114542A3-1917-43F8-A9D3-E8FB28EA0A41}.Debug|x86.Build.0 = Debug|Win32
		{114542A3-1917-43F8-A9D3-E8FB28EA0A41}.Release|x64.ActiveCfg = Release|x64
		{114542A3-1917-43F8-A9D3-E8FB28EA0A41}.Release|x64.Build.0 = Release|x64
		{114542A3-1917-43F8-A9D3-E8FB28EA0A41}.Release|x86.ActiveCfg = Release|Win32
		{114542A3-1917-43F8-A9D3-E8FB28EA0A41}.Release|x86.Build.0 = Release|Win32
		{BB131451-4E5B-4452-A7C2-A33C909763D7}.Debug|x64.ActiveCfg = Debug|x64
		{BB131451-4E5B-4452-A7C2-A33C909763D7}.Debug|x64.Build.0 = Debug|x64
		{BB131451-4E5B-4452-A7C2-A33C909763D7}.Debug|x86.ActiveCfg = Debug|Win32
		{BB131451-4E5B-4452-A7C2-A33C909763D7}.Debug|x86.Build.0 = Debug|Win32
		{BB131451-4E5B-4452-A7C2-A33C909763D7}.Release|x64.ActiveCfg = Release|x64
		{BB131451-4E5B-4452-A7C2-A33C909763D7}.Release|x64.Build.0 = Release|x64
		{BB131451-4E5B-4452-A7C2-A33C909763D7}.Release|x86.ActiveCfg = Release|Win32
		{BB131451-4E5B-4452-A7C2-A33C909763D7}.Release|x86.Build.0 = Release|Win32
		{613D4367-F619-491A-99EF-E283BCA4343D}.Debug|x64.ActiveCfg = Debug|x64
		{613D4367-F619-491A-99EF-E283BCA4343D}.Debug|x64.Build.0 = Debug|x64
		{613D4367-F619-491A-99EF-E283BCA4343D}.Debug|x86.ActiveCfg = Debug|Win32
		{613D4367-F619-491A-99EF-E283BCA4343D}.Debug|x86.Build.0 = Debug|Win32
		{613D4367-F619-491A-99EF-E283BCA4343D}.Release|x64.ActiveCfg = Release|x64
		{613D4367-F619-491A-99EF-E283BCA4343D}.Release|x64.Build.0 = Release|x64
		{613D4367-F619-491A-99EF-E283BCA4343D}.Release|x86.ActiveCfg = Release|Win32
		{613D4367-F619-491A-99EF-E283BCA4343D}.Release|x86.Build.0 = Release|Win32
		{285EACC6-23B5-4C88-A21E-8703F8F8E6DD}.Debug|x64.ActiveCfg = Debug|x64
		{285EACC6-23B5-4C88-A21E-8703F8F8E6DD}.Debug|x64.Build.0 = Debug|x64
		{285EACC6-23B5-4C88-A21E-8703F8F8E6DD}.Debug|x86.ActiveCfg = Debug|Win32
		{285EACC6-23B5-4C88-A21E-8703F8F8E6DD}.Debug|x86.Build.0 = Debug|Win32
		{285EACC6-23B5-4C88-A21E-8703F8F8E6DD}.Release|x64.ActiveCfg = Release|x64
		{285EACC6-23B5-4C88-A21E-8703F8F8E6DD}.Release|x64.Build.0 = Release|x64
		{285EACC6-23B5-4C88-A21E-8703F8F8E6DD}.Release|x86.ActiveCfg = Release|Win32
		{285EACC6-23B5-4C88-A21E-8703F8F8E6DD}.Release|x86.Build.0 = Release|Win32
		{0554A571-CF1C-4D2C-9DF2-DB60FE704CBD}.Debug|x64.ActiveCfg = Debug|x64
		{0554A571-CF1C-4D2C-9DF2-DB60FE704CBD}.Debug|x64.Build.0 = Debug|x64
		{0554A571-CF1C-4D2C-9DF2-DB60FE704CBD}.Debug|x86.ActiveCfg = Debug|Win32
		{0554A571-CF1C-4D2C-9DF2-DB60FE704CBD}.Debug|x86.Build.0 = Debug|Win32
		{0554A571-CF1C-4D2C-9DF2-DB60FE704CBD}.Release|x64.ActiveCfg = Release|x64
		{0554A571-CF1C-4D2C-9DF2-DB60FE704CBD}.Release|x64.Build.0 = Release|x64
		{0554A571-CF1C-4D2C-9DF2-DB60FE704CBD}.Release|x86.ActiveCfg = Release|Win32
		{0554A571-CF1C-4D2C-9DF2-DB60FE704CBD}.Release|x86.Build.0 = Release|Win32
		{DC59806A-865E-4164-A0CC-9E548C0CE682}.Debug|x64.ActiveCfg = Debug|x64
		{DC59806A-865E-4164-A0CC-9E548C0CE682}.Debug|x64.Build.0 = Debug|x64
		{DC59806A-865E-4164-A0CC-9E548C0CE682}.Debug|x86.ActiveCfg = Debug|Win32
		{DC59806A-865E-4164-A0CC-9E548C0CE682}.Debug|x86.Build.0 = Debug|Win32
		{DC59806A-865E-4164-A0CC-9E548C0CE682}.Release|x64.ActiveCfg = Release|x64
		{DC59806A-865E-4164-A0CC-9E548C0CE682}.Release|x64.Build.0 = Release|x64
		{DC59806A-865E-4164-A0CC-9E548C0CE682}.Release|x86.ActiveCfg = Release|Win32
		{DC59806A-865E-4164-A0CC-9E548C0CE682}.Release|x86.Build.0 = Release|Win32
		{4DA1DC9F-FDAE-401D-BFE2-CB94154214F1}.Debug|x64.ActiveCfg = Debug|x64
		{4DA1DC9F-FDAE-401D-BFE2-CB94154214F1}.Debug|x64.Build.0 = Debug|x64
		{4DA1DC9F-FDAE-401D-BFE2-CB94154214F1}.Debug|x86.ActiveCfg = Debug|Win32
		{4DA1DC9F-FDAE-401D-BFE2-CB94154214F1}.Debug|x86.Build.0 = Debug|Win32
		{4DA1DC9F-FDAE-401D-BFE2-CB94154214F1}.Release|x64.ActiveCfg = Release|x64
		{4DA1DC9F-FDAE-401D-BFE2-CB94154214F1}.Release|x64.Build.0 = Release|x64
		{4DA1DC9F-FDAE-401D-BFE2-CB94154214F1}.Release|x86.ActiveCfg = Release|Win32
		{4DA1DC9F-FDAE-401D-BFE2-CB94154214F1}.Release|x86.Build.0 = Release|Win32
		{2C6DBC50-607A-4BEC-BA2C-B04638CE425A}.Debug|x64.ActiveCfg = Debug|x64
		{2C6DBC50-607A-4BEC-BA2C-B04638CE425A}.Debug|x64.Build.0 = Debug|x64
		{2C6DBC50-607A-4BEC-BA2C-B04638CE425A}.Debug|x86.ActiveCfg = Debug|Win32
		{2C6DBC50-607A-4BEC-BA2C-B04638CE425A}.Debug|x86.Build.0 = Debug|Win32
		{2C6DBC50-607A-4BEC-BA2C-B04638CE425A}.Release|x64.ActiveCfg = Release|x64
		{2C6DBC50-607A-4BEC-BA2C-B04638CE425A}.Release|x64.Build.0 = Release|x64
		{2C6DBC50-607A-4BEC-BA2C-B04638CE425A}.Release|x86.ActiveCfg = Release|Win32
		{2C6DBC50-607A-4BEC-BA2C-B04638CE425A}.Release|x86.Build.0 = Release|Win32
		{A9CF92B2-4628-46D9-9F2F-0048A0810212}.Debug|x64.ActiveCfg = Debug|x64
		{A9CF92B2-4628-46D9-9F2F-0048A0810212}.Debug|x64.Build.0 = Debug|x64
		{A9CF92B2-4628-46D9-9F2F-0048A0810212}.Debug|x86.ActiveCfg = Debug|Win32
		{A9CF92B2-4628-46D9-9F2F-0048A0810212}.Debug|x86.Build.0 = Debug|Win32
		{A9CF92B2-4628-46D9-9F2F-0048A0810212}.Release|x64.ActiveCfg = Release|x64
		{A9CF92B2-4628-46D9-9F2F-0048A0810212}.Release|x64.Build.0 = Release|x64
		{A9CF92B2-4628-46D9-9F2F-0048A0810212}.Release|x86.ActiveCfg = Release|Win32
		{A9CF92B2-4628-46D9-9F2F-0048A0810212}.Release|x86.Build.0 = Release|Win32
		{30F40AA0-6834-40C7-8BE8-5F3352E75CB3}.Debug|x64.ActiveCfg = Debug|x64
		{30F40AA0-6834-40C7-8BE8-5F3352E75CB3}.Debug|x64.Build.0 = Debug|x64
		{30F40AA0-6834-40C7-8BE8-5F3352E75CB3}.Debug|x86.ActiveCfg = Debug|Win32
		{30F40AA0-6834-40C7-8BE8-5F3352E75CB3}.Debug|x86.Build.0 = Debug|Win32
		{30F40AA0-6834-40C7-8BE8-5F3352E75CB3}.Release|x64.ActiveCfg = Release|x64
		{30F40AA0-6834-40C7-8BE8-5F3352E75CB3}.Release|x64.Build.0 = Release|x64
		{30F40AA0-6834-40C7-8BE8-5F3352E75CB3}.Release|x86.ActiveCfg = Release|Win32
		{30F40AA0-6834-40C7-8BE8-5F3352E75CB3}.Release|x86.Build.0 = Release|Win32
		{3137244D-9AC3-4ABD-9129-222019E225EE}.Debug|x64.ActiveCfg = Debug|x64
		{3137244D-9AC3-4ABD-9129-222019E225EE}.Debug|x64.Build.0 = Debug|x64
		{3137244D-9AC3-4ABD-9129-222019E225EE}.Debug|x86.ActiveCfg = Debug|Win32
		{3137244D-9AC3-4ABD-9129-222019E225EE}.Debug|x86.Build.0 = Debug|Win32
		{3137244D-9AC3-4ABD-9129-222019E225EE}.Release|x64.ActiveCfg = Release|x64
		{3137244D-9AC3-4ABD-9129-222019E225EE}.Release|x64.Build.0 = Release|x64
		{3137244D-9AC3-4ABD-9129-222019E225EE}.Release|x86.ActiveCfg = Release|Win32
		{3137244D-9AC3-4ABD-9129-222019E225EE}.Release|x86.Build.0 = Release|Win32
		{B1E73575-2AF3-477D-978A-B5656786E153}.Debug|x64.ActiveCfg = Debug|x64
		{B1E73575-2AF3-477D-978A-B5656786E153}.Debug|x64.Build.0 = Debug|x64
		{B1E73575-2AF3-477D-978A-B5656786E153}.Debug|x86.ActiveCfg = Debug|Win32
		{B1E73575-2AF3-477D-978A-B5656786E153}.Debug|x86.Build.0 = Debug|Win32
		{B1E73575-2AF3-477D-978A-B5656786E153}.Release|x64.ActiveCfg = Release|x64
		{B1E73575-2AF3-477D-978A-B5656786E153}.Release|x64.Build.0 = Release|x64
		{B1E73575-2AF3-477D-978A-B5656786E153}.Release|x86.ActiveCfg = Release|Win32
		{B1E73575-2AF3-477D-978A-B5656786E153}.Release|x86.Build.0 = Release|Win32
		{F52BF73D-A611-41CA-84AA-29ED5AAD7096}.Debug|x64.ActiveCfg = Debug|x64
		{F52BF73D-A611-41CA-84AA-29ED5AAD7096}.Debug|x64.Build.0 = Debug|x64
		{F52BF73D-A611-41CA-84AA-29ED5AAD7096}.Debug|x86.ActiveCfg = Debug|Win32
		{F52BF73D-A611-41CA-84AA-29ED5AAD7096}.Debug|x86.Build.0 = Debug|Win32
		{F52BF73D-A611-41CA-84AA-29ED5AAD7096}.Release|x64.ActiveCfg = Release|x64
		{F52BF73D-A611-41CA-84AA-29ED5AAD7096}.Release|x64.Build.0 = Release|x64
		{F52BF73D-A611-41CA-84AA-29ED5AAD7096}.Release|x86.ActiveCfg = Release|Win32
		{F52BF73D-A611-41CA-84AA-29ED5AAD7096}.Release|x86.Build.0 = Release|Win32
		{1D2D43FB-6413-4043-98D5-A0A84BEDFBAD}.Debug|x64.ActiveCfg = Debug|x64
		{1D2D43FB-6413-4043-98D5-A0A84BEDFBAD}.Debug|x64.Build.0 = Debug|x64
		{1D2D43FB-6413-4043-98D5-A0A84BEDFBAD}.Debug|x86.ActiveCfg = Debug|Win32
		{1D2D43FB-6413-4043-98D5-A0A84BEDFBAD}.Debug|x86.Build.0 = Debug|Win32
		{1D2D43FB-6413-4043-98D5-A0A84BEDFBAD}.Release|x64.ActiveCfg = Release|x64
		{1D2D43FB-6413-4043-98D5-A0A84BEDFBAD}.Release|x64.Build.0 = Release|x64
		{1D2D43FB-6413-4043-98D5-A0A84BEDFBAD}.Release|x86.ActiveCfg = Release|Win32
		{1D2D43FB-6413-4043-98D5-A0A84BEDFBAD}.Release|x86.Build.0 = Release|Win32
		{DBFC6D3C-0804-4CA4-97FA-60BA15C7A66E}.Debug|x64.ActiveCfg = Debug|x64
		{DBFC6D3C-0804-4CA4-97FA-60BA15C7A66E}.Debug|x64.Build.0 = Debug|x64
		{DBFC6D3C-0804-4CA4-97FA-60BA15C7A66E}.Debug|x86.ActiveCfg = Debug|Win32
		{DBFC6D3C-0804-4CA4-97FA-60BA15C7A66E}.Debug|x86.Build.0 = Debug|Win32
		{DBFC6D3C-0804-4CA4-97FA-60BA15C7A66E}.Release|x64.ActiveCfg = Release|x64
		{DBFC6D3C-0804-4CA4-97FA-60BA15C7A66E}.Release|x64.Build.0 = Release|x64
		{DBFC6D3C-0804-4CA4-97FA-60BA15C7A66E}.Release|x86.ActiveCfg = Release|Win32
		{DBFC6D3C-0804-4CA4-97FA-60BA15C7A66E}.Release|x86.Build.0 = Release|Win32
		{C44AB571-6918-46D5-805F-A33D1C7EEF0A}.Debug|x64.ActiveCfg = Debug|x64
		{C44AB571-6918-46D5-805F-A33D1C7EEF0A}.Debug|x64.Build.0 = Debug|x64
		{C44AB571-6918-46D5-805F-A33D1C7EEF0A}.Debug|x86.ActiveCfg = Debug|Win32
		{C44AB571-6918-46D5-805F-A33D1C7EEF0A}.Debug|x86.Build.0 = Debug|Win32
		{C44AB571-6918-46D5-805F-A33D1C7EEF0A}.Release|x64.ActiveCfg = Release|x64
		{C44AB571-6918-46D5-805F-A33D1C7EEF0A}.Release|x64.Build.0 = Release|x64
		{C44AB571-6918-46D5-805F-A33D1C7EEF0A}.Release|x86.ActiveCfg = Release|Win32
		{C44AB571-6918-46D5-805F-A33D1C7EEF0A}.Release|x86.Build.0 = Release|Win32
		{325FDC0C-4762-43F2-9ED8-2B8C6F6F5219}.Debug|x64.ActiveCfg = Debug|x64
		{325FDC0C-4762-43F2-9ED8-2B8C6F6F5219}.Debug|x64.Build.0 = Debug|x64
		{325FDC0C-4762-43F2-9ED8-2B8C6F6F5219}.Debug|x86.ActiveCfg = Debug|Win32
		{325FDC0C-4762-43F2-9ED8-2B8C6F6F5219}.Debug|x86.Build.0 = Debug|Win32
		{325FDC0C-4762-43F2-9ED8-2B8C6F6F5219}.Release|x64.ActiveCfg = Release|x64
		{325FDC0C-4762-43F2-9ED8-2B8C6F6F5219}.Release|x64.Build.0 = Release|x64
		{325FDC0C-4762-43F2-9ED8-2B8C6F6F5219}.Release|x86.ActiveCfg = Release|Win32
		{325FDC0C-4762-43F2-9ED8-2B8C6F6F5219}.Release|x86.Build.0 = Release|Win32
		{EB2DD9BF-FFF4-4F8E-B1D1-D87B1A0CC892}.Debug|x64.ActiveCfg = Debug|x64
		{EB2DD9BF-FFF4-4F8E-B1D1-D87B1A0CC892}.Debug|x64.Build.0 = Debug|x64
		{EB2DD9BF-FFF4-4F8E-B1D1-D87B1A0CC892}.Debug|x86.ActiveCfg = Debug|Win32
		{EB2DD9BF-FFF4-4F8E-B1D1-D87B1A0CC892}.Debug|x86.Build.0 = Debug|Win32
		{EB2DD9BF-FFF4-4F8E-B1D1-D87B1A0CC892}.Release|x64.ActiveCfg = Release|x64
		{EB2DD9BF-FFF4-4F8E-B1D1-D87B1A0CC892}.Release|x64.Build.0 = Release|x64
		{EB2DD9BF-FFF4-4F8E-B1D1-D87B1A0CC892}.Release|x86.ActiveCfg = Release|Win32
		{EB2DD9BF-FFF4-4F8E-B1D1-D87B1A0CC892}.Release|x86.Build.0 = Release|Win32
	EndGlobalSection
	GlobalSection(SolutionProperties) = preSolution
		HideSolutionNode = FALSE
	EndGlobalSection
	GlobalSection(ExtensibilityGlobals) = postSolution
		SolutionGuid = {3E4547B0-2DAE-4837-8430-1CDE9C27BF03}
	EndGlobalSection
EndGlobal
